
Microsoft Visual Studio Solution File, Format Version 12.00
# Visual Studio 15
VisualStudioVersion = 15.0.28307.271
MinimumVisualStudioVersion = 10.0.40219.1
Project("{8BC9CEB8-8B4A-11D0-8D11-00A0C91BC942}") = "SimpleMCMain1", "SimpleMCMain1\SimpleMCMain1.vcxproj", "{8395231B-0F68-4DD4-9122-8ECA925A17B5}"
EndProject
Project("{2150E333-8FDC-42A3-9474-1A3956D46DE8}") = "Ch1_A_Simple_Monte_Carlo_Model", "Ch1_A_Simple_Monte_Carlo_Model", "{4CC453F7-DC73-4456-938D-E8084AC77D89}"
EndProject
Project("{8BC9CEB8-8B4A-11D0-8D11-00A0C91BC942}") = "Exercise_1_1", "Exercise_1_1\Exercise_1_1.vcxproj", "{A08AFD6C-7EB0-4BC6-AF0F-354F7D8C96B1}"
EndProject
Project("{8BC9CEB8-8B4A-11D0-8D11-00A0C91BC942}") = "Exercise_1_2", "Exercise_1_2\Exercise_1_2.vcxproj", "{3708148A-A06D-4D1F-B57B-2FC6489087F8}"
EndProject
Project("{2150E333-8FDC-42A3-9474-1A3956D46DE8}") = "Ch2_Encapsulation", "Ch2_Encapsulation", "{75D513EC-A002-4D26-91EB-CC1026A5DFAE}"
EndProject
Project("{8BC9CEB8-8B4A-11D0-8D11-00A0C91BC942}") = "SimpleMCMain2", "SimpleMCMain2\SimpleMCMain2.vcxproj", "{EFAC01D5-C16C-4C8A-B0B2-C30C8897A0B8}"
EndProject
Global
	GlobalSection(SolutionConfigurationPlatforms) = preSolution
		Debug|x64 = Debug|x64
		Debug|x86 = Debug|x86
		Release|x64 = Release|x64
		Release|x86 = Release|x86
	EndGlobalSection
	GlobalSection(ProjectConfigurationPlatforms) = postSolution
		{8395231B-0F68-4DD4-9122-8ECA925A17B5}.Debug|x64.ActiveCfg = Debug|x64
		{8395231B-0F68-4DD4-9122-8ECA925A17B5}.Debug|x64.Build.0 = Debug|x64
		{8395231B-0F68-4DD4-9122-8ECA925A17B5}.Debug|x86.ActiveCfg = Debug|Win32
		{8395231B-0F68-4DD4-9122-8ECA925A17B5}.Debug|x86.Build.0 = Debug|Win32
		{8395231B-0F68-4DD4-9122-8ECA925A17B5}.Release|x64.ActiveCfg = Release|x64
		{8395231B-0F68-4DD4-9122-8ECA925A17B5}.Release|x64.Build.0 = Release|x64
		{8395231B-0F68-4DD4-9122-8ECA925A17B5}.Release|x86.ActiveCfg = Release|Win32
		{8395231B-0F68-4DD4-9122-8ECA925A17B5}.Release|x86.Build.0 = Release|Win32
		{A08AFD6C-7EB0-4BC6-AF0F-354F7D8C96B1}.Debug|x64.ActiveCfg = Debug|x64
		{A08AFD6C-7EB0-4BC6-AF0F-354F7D8C96B1}.Debug|x64.Build.0 = Debug|x64
		{A08AFD6C-7EB0-4BC6-AF0F-354F7D8C96B1}.Debug|x86.ActiveCfg = Debug|Win32
		{A08AFD6C-7EB0-4BC6-AF0F-354F7D8C96B1}.Debug|x86.Build.0 = Debug|Win32
		{A08AFD6C-7EB0-4BC6-AF0F-354F7D8C96B1}.Release|x64.ActiveCfg = Release|x64
		{A08AFD6C-7EB0-4BC6-AF0F-354F7D8C96B1}.Release|x64.Build.0 = Release|x64
		{A08AFD6C-7EB0-4BC6-AF0F-354F7D8C96B1}.Release|x86.ActiveCfg = Release|Win32
		{A08AFD6C-7EB0-4BC6-AF0F-354F7D8C96B1}.Release|x86.Build.0 = Release|Win32
		{3708148A-A06D-4D1F-B57B-2FC6489087F8}.Debug|x64.ActiveCfg = Debug|x64
		{3708148A-A06D-4D1F-B57B-2FC6489087F8}.Debug|x64.Build.0 = Debug|x64
		{3708148A-A06D-4D1F-B57B-2FC6489087F8}.Debug|x86.ActiveCfg = Debug|Win32
		{3708148A-A06D-4D1F-B57B-2FC6489087F8}.Debug|x86.Build.0 = Debug|Win32
		{3708148A-A06D-4D1F-B57B-2FC6489087F8}.Release|x64.ActiveCfg = Release|x64
		{3708148A-A06D-4D1F-B57B-2FC6489087F8}.Release|x64.Build.0 = Release|x64
		{3708148A-A06D-4D1F-B57B-2FC6489087F8}.Release|x86.ActiveCfg = Release|Win32
		{3708148A-A06D-4D1F-B57B-2FC6489087F8}.Release|x86.Build.0 = Release|Win32
		{EFAC01D5-C16C-4C8A-B0B2-C30C8897A0B8}.Debug|x64.ActiveCfg = Debug|x64
		{EFAC01D5-C16C-4C8A-B0B2-C30C8897A0B8}.Debug|x64.Build.0 = Debug|x64
		{EFAC01D5-C16C-4C8A-B0B2-C30C8897A0B8}.Debug|x86.ActiveCfg = Debug|Win32
		{EFAC01D5-C16C-4C8A-B0B2-C30C8897A0B8}.Debug|x86.Build.0 = Debug|Win32
		{EFAC01D5-C16C-4C8A-B0B2-C30C8897A0B8}.Release|x64.ActiveCfg = Release|x64
		{EFAC01D5-C16C-4C8A-B0B2-C30C8897A0B8}.Release|x64.Build.0 = Release|x64
		{EFAC01D5-C16C-4C8A-B0B2-C30C8897A0B8}.Release|x86.ActiveCfg = Release|Win32
		{EFAC01D5-C16C-4C8A-B0B2-C30C8897A0B8}.Release|x86.Build.0 = Release|Win32
	EndGlobalSection
	GlobalSection(SolutionProperties) = preSolution
		HideSolutionNode = FALSE
	EndGlobalSection
	GlobalSection(NestedProjects) = preSolution
		{8395231B-0F68-4DD4-9122-8ECA925A17B5} = {4CC453F7-DC73-4456-938D-E8084AC77D89}
		{A08AFD6C-7EB0-4BC6-AF0F-354F7D8C96B1} = {4CC453F7-DC73-4456-938D-E8084AC77D89}
		{3708148A-A06D-4D1F-B57B-2FC6489087F8} = {4CC453F7-DC73-4456-938D-E8084AC77D89}
		{EFAC01D5-C16C-4C8A-B0B2-C30C8897A0B8} = {75D513EC-A002-4D26-91EB-CC1026A5DFAE}
	EndGlobalSection
	GlobalSection(ExtensibilityGlobals) = postSolution
		SolutionGuid = {0F277E95-8089-4EEE-9E1E-647859DD7A50}
	EndGlobalSection
EndGlobal
